
Microsoft Visual Studio Solution File, Format Version 12.00
# Visual Studio Version 17
VisualStudioVersion = 17.7.34221.43
MinimumVisualStudioVersion = 10.0.40219.1
Project("{FAE04EC0-301F-11D3-BF4B-00C04F79EFBC}") = "KutuphaneSistemi", "KutuphaneSistemi\KutuphaneSistemi.csproj", "{054A0A39-79E0-4348-A081-C798C0BDBF56}"
EndProject
Global
	GlobalSection(SolutionConfigurationPlatforms) = preSolution
		Debug|Any CPU = Debug|Any CPU
		Release|Any CPU = Release|Any CPU
	EndGlobalSection
	GlobalSection(ProjectConfigurationPlatforms) = postSolution
		{054A0A39-79E0-4348-A081-C798C0BDBF56}.Debug|Any CPU.ActiveCfg = Debug|Any CPU
		{054A0A39-79E0-4348-A081-C798C0BDBF56}.Debug|Any CPU.Build.0 = Debug|Any CPU
		{054A0A39-79E0-4348-A081-C798C0BDBF56}.Release|Any CPU.ActiveCfg = Release|Any CPU
		{054A0A39-79E0-4348-A081-C798C0BDBF56}.Release|Any CPU.Build.0 = Release|Any CPU
	EndGlobalSection
	GlobalSection(SolutionProperties) = preSolution
		HideSolutionNode = FALSE
	EndGlobalSection
	GlobalSection(ExtensibilityGlobals) = postSolution
		SolutionGuid = {623047C3-6914-45B6-A574-A5E8AF1DC0AD}
	EndGlobalSection
EndGlobal
